{
  "name": "telp",
  "version": "1.0.0",
  "lockfileVersion": 2,
  "requires": true,
  "packages": {
    "": {
      "name": "telp",
      "version": "1.0.0",
      "license": "ISC",
      "workspaces": [
        "packages/srv",
        "packages/kln"
      ]
    },
    "node_modules/kln": {
      "resolved": "packages/kln",
      "link": true
    },
    "node_modules/srv": {
      "resolved": "packages/srv",
      "link": true
    },
    "packages/kln": {
      "version": "1.0.0",
      "license": "ISC",
      "devDependencies": {}
    },
    "packages/srv": {
      "version": "1.0.0",
      "license": "ISC"
    }
  },
  "dependencies": {
    "kln": {
      "version": "file:packages/kln"
    },
    "srv": {
      "version": "file:packages/srv"
    }
  }
}
